go.yaml.in/yaml/v4 v4.0.0-rc.5 h1:JVliQq9EGOYaTgMi+k8BhUJyqcGk4ZqeuiN1Cirba9c=
go.yaml.in/yaml/v4 v4.0.0-rc.5/go.mod h1:aZqd9kCMsGL7AuUv/m/PvWLdg5sjJsZ4oHDEnfPPfY0=
golang.org/x/crypto v0.56.0 h1:GUh5Ii4J5jtcseSMiRqr1jXCNHoxjeV9Fmekc2oLy6Y=
golang.org/x/crypto v0.56.0/go.mod h1:OMW5y6CY9l38uPLmxU6l6pwcXp1obtLo3e6gT7gQR2I=
